
Microsoft Visual Studio Solution File, Format Version 12.00
# Visual Studio Version 16
VisualStudioVersion = 16.0.31321.278
MinimumVisualStudioVersion = 10.0.40219.1
Project("{FAE04EC0-301F-11D3-BF4B-00C04F79EFBC}") = "crud-dados-ihc", "crud-dados-ihc\crud-dados-ihc.csproj", "{DD360E73-B3E0-48FD-A6EC-4025BEA12DF6}"
EndProject
Global
	GlobalSection(SolutionConfigurationPlatforms) = preSolution
		Debug|Any CPU = Debug|Any CPU
		Release|Any CPU = Release|Any CPU
	EndGlobalSection
	GlobalSection(ProjectConfigurationPlatforms) = postSolution
		{DD360E73-B3E0-48FD-A6EC-4025BEA12DF6}.Debug|Any CPU.ActiveCfg = Debug|Any CPU
		{DD360E73-B3E0-48FD-A6EC-4025BEA12DF6}.Debug|Any CPU.Build.0 = Debug|Any CPU
		{DD360E73-B3E0-48FD-A6EC-4025BEA12DF6}.Release|Any CPU.ActiveCfg = Release|Any CPU
		{DD360E73-B3E0-48FD-A6EC-4025BEA12DF6}.Release|Any CPU.Build.0 = Release|Any CPU
	EndGlobalSection
	GlobalSection(SolutionProperties) = preSolution
		HideSolutionNode = FALSE
	EndGlobalSection
	GlobalSection(ExtensibilityGlobals) = postSolution
		SolutionGuid = {5D3F1F04-6A4E-4D7E-AEA7-06B21E5EACAA}
	EndGlobalSection
EndGlobal
